
Microsoft Visual Studio Solution File, Format Version 12.00
# Visual Studio 15
VisualStudioVersion = 15.0.27004.2006
MinimumVisualStudioVersion = 10.0.40219.1
Project("{FAE04EC0-301F-11D3-BF4B-00C04F79EFBC}") = "VASystem.Web", "VASystem.Web\VASystem.Web.csproj", "{47E58EDA-5233-4B43-8AFC-6028945F0636}"
EndProject
Global
	GlobalSection(SolutionConfigurationPlatforms) = preSolution
		Debug|Any CPU = Debug|Any CPU
		Release|Any CPU = Release|Any CPU
	EndGlobalSection
	GlobalSection(ProjectConfigurationPlatforms) = postSolution
		{47E58EDA-5233-4B43-8AFC-6028945F0636}.Debug|Any CPU.ActiveCfg = Debug|Any CPU
		{47E58EDA-5233-4B43-8AFC-6028945F0636}.Debug|Any CPU.Build.0 = Debug|Any CPU
		{47E58EDA-5233-4B43-8AFC-6028945F0636}.Release|Any CPU.ActiveCfg = Release|Any CPU
		{47E58EDA-5233-4B43-8AFC-6028945F0636}.Release|Any CPU.Build.0 = Release|Any CPU
	EndGlobalSection
	GlobalSection(SolutionProperties) = preSolution
		HideSolutionNode = FALSE
	EndGlobalSection
	GlobalSection(ExtensibilityGlobals) = postSolution
		SolutionGuid = {FB0F2CE2-FD28-457F-926F-07C713EBA2D9}
	EndGlobalSection
EndGlobal
